
Microsoft Visual Studio Solution File, Format Version 12.00
# Visual Studio 15
VisualStudioVersion = 15.0.27703.2042
MinimumVisualStudioVersion = 10.0.40219.1
Project("{8BC9CEB8-8B4A-11D0-8D11-00A0C91BC942}") = "p13", "p13\p13.vcxproj", "{3055F538-C156-4BBC-9846-DB09D61C5520}"
EndProject
Global
	GlobalSection(SolutionConfigurationPlatforms) = preSolution
		Debug|x64 = Debug|x64
		Debug|x86 = Debug|x86
		Release|x64 = Release|x64
		Release|x86 = Release|x86
	EndGlobalSection
	GlobalSection(ProjectConfigurationPlatforms) = postSolution
		{3055F538-C156-4BBC-9846-DB09D61C5520}.Debug|x64.ActiveCfg = Debug|x64
		{3055F538-C156-4BBC-9846-DB09D61C5520}.Debug|x64.Build.0 = Debug|x64
		{3055F538-C156-4BBC-9846-DB09D61C5520}.Debug|x86.ActiveCfg = Debug|Win32
		{3055F538-C156-4BBC-9846-DB09D61C5520}.Debug|x86.Build.0 = Debug|Win32
		{3055F538-C156-4BBC-9846-DB09D61C5520}.Release|x64.ActiveCfg = Release|x64
		{3055F538-C156-4BBC-9846-DB09D61C5520}.Release|x64.Build.0 = Release|x64
		{3055F538-C156-4BBC-9846-DB09D61C5520}.Release|x86.ActiveCfg = Release|Win32
		{3055F538-C156-4BBC-9846-DB09D61C5520}.Release|x86.Build.0 = Release|Win32
	EndGlobalSection
	GlobalSection(SolutionProperties) = preSolution
		HideSolutionNode = FALSE
	EndGlobalSection
	GlobalSection(ExtensibilityGlobals) = postSolution
		SolutionGuid = {37822185-5B8F-4D48-9781-66DC89CAB828}
	EndGlobalSection
EndGlobal
